
Microsoft Visual Studio Solution File, Format Version 12.00
# Visual Studio Version 16
VisualStudioVersion = 16.0.30011.22
MinimumVisualStudioVersion = 10.0.40219.1
Project("{9A19103F-16F7-4668-BE54-9A1E7A4F7556}") = "Cshart", "Cshart\Cshart.csproj", "{30B90ADA-3B94-47BF-971B-DB742A40924B}"
EndProject
Project("{9A19103F-16F7-4668-BE54-9A1E7A4F7556}") = "Cshart.Tests", "Cshart.Tests\Cshart.Tests.csproj", "{716E1014-6A1D-4747-A5CF-0554E24256A3}"
EndProject
Project("{2150E333-8FDC-42A3-9474-1A3956D46DE8}") = "Solution Items", "Solution Items", "{7E05FBCF-8CD0-4968-945E-6833533CEF2C}"
	ProjectSection(SolutionItems) = preProject
		.editorconfig = .editorconfig
		..\..\.gitignore = ..\..\.gitignore
		..\..\README.md = ..\..\README.md
	EndProjectSection
EndProject
Project("{FAE04EC0-301F-11D3-BF4B-00C04F79EFBC}") = "Cshart.Sandbox", "Cshart.Sandbox\Cshart.Sandbox.csproj", "{A8A332FD-08BC-4511-9E3F-5CFC61922196}"
EndProject
Global
	GlobalSection(SolutionConfigurationPlatforms) = preSolution
		Debug|Any CPU = Debug|Any CPU
		Release|Any CPU = Release|Any CPU
	EndGlobalSection
	GlobalSection(ProjectConfigurationPlatforms) = postSolution
		{30B90ADA-3B94-47BF-971B-DB742A40924B}.Debug|Any CPU.ActiveCfg = Debug|Any CPU
		{30B90ADA-3B94-47BF-971B-DB742A40924B}.Debug|Any CPU.Build.0 = Debug|Any CPU
		{30B90ADA-3B94-47BF-971B-DB742A40924B}.Release|Any CPU.ActiveCfg = Release|Any CPU
		{30B90ADA-3B94-47BF-971B-DB742A40924B}.Release|Any CPU.Build.0 = Release|Any CPU
		{716E1014-6A1D-4747-A5CF-0554E24256A3}.Debug|Any CPU.ActiveCfg = Debug|Any CPU
		{716E1014-6A1D-4747-A5CF-0554E24256A3}.Debug|Any CPU.Build.0 = Debug|Any CPU
		{716E1014-6A1D-4747-A5CF-0554E24256A3}.Release|Any CPU.ActiveCfg = Release|Any CPU
		{716E1014-6A1D-4747-A5CF-0554E24256A3}.Release|Any CPU.Build.0 = Release|Any CPU
		{A8A332FD-08BC-4511-9E3F-5CFC61922196}.Debug|Any CPU.ActiveCfg = Debug|Any CPU
		{A8A332FD-08BC-4511-9E3F-5CFC61922196}.Debug|Any CPU.Build.0 = Debug|Any CPU
		{A8A332FD-08BC-4511-9E3F-5CFC61922196}.Release|Any CPU.ActiveCfg = Release|Any CPU
		{A8A332FD-08BC-4511-9E3F-5CFC61922196}.Release|Any CPU.Build.0 = Release|Any CPU
	EndGlobalSection
	GlobalSection(SolutionProperties) = preSolution
		HideSolutionNode = FALSE
	EndGlobalSection
	GlobalSection(ExtensibilityGlobals) = postSolution
		SolutionGuid = {34E762D6-873B-4877-A134-D0A3E7B8532D}
	EndGlobalSection
EndGlobal
